// !$*UTF8*$!
{
	archiveVersion = 1;
	classes = {
	};
	objectVersion = 50;
	objects = {

/* Begin PBXBuildFile section */
		F40FC10C24BCBA9400E08094 /* MainViewController.swift in Sources */ = {isa = PBXBuildFile; fileRef = F40FC10B24BCBA9400E08094 /* MainViewController.swift */; };
		F40FC10E24BCBAE400E08094 /* PlayViewController.swift in Sources */ = {isa = PBXBuildFile; fileRef = F40FC10D24BCBAE400E08094 /* PlayViewController.swift */; };
		F40FC11024BCBAFD00E08094 /* Main.storyboard in Resources */ = {isa = PBXBuildFile; fileRef = F40FC10F24BCBAFD00E08094 /* Main.storyboard */; };
		F40FC11224BCCB5B00E08094 /* ScoresViewController.swift in Sources */ = {isa = PBXBuildFile; fileRef = F40FC11124BCCB5B00E08094 /* ScoresViewController.swift */; };
		F40FC11424BCCB6A00E08094 /* BestScoresViewController.swift in Sources */ = {isa = PBXBuildFile; fileRef = F40FC11324BCCB6A00E08094 /* BestScoresViewController.swift */; };
		F4C61EA224C1B878004AE840 /* NoteModel.swift in Sources */ = {isa = PBXBuildFile; fileRef = F4C61EA124C1B878004AE840 /* NoteModel.swift */; };
		F4FB45ED24C1DBA30094AACB /* History.storyboard in Resources */ = {isa = PBXBuildFile; fileRef = F4FB45EC24C1DBA30094AACB /* History.storyboard */; };
		FC35981424C0E3CF00210B92 /* VCSwiftUIView.swift in Sources */ = {isa = PBXBuildFile; fileRef = FC35981324C0E3CF00210B92 /* VCSwiftUIView.swift */; };
		FCD7A96424C2FC9000EF2191 /* GameViewController.swift in Sources */ = {isa = PBXBuildFile; fileRef = FCD7A96324C2FC9000EF2191 /* GameViewController.swift */; };
		FCD7A96624C3186800EF2191 /* ScoreModel.swift in Sources */ = {isa = PBXBuildFile; fileRef = FCD7A96524C3186800EF2191 /* ScoreModel.swift */; };
		FCD7A96824C319BE00EF2191 /* ScoreCell.swift in Sources */ = {isa = PBXBuildFile; fileRef = FCD7A96724C319BE00EF2191 /* ScoreCell.swift */; };
		FCFEC9DD24BA228900795ADC /* AppDelegate.swift in Sources */ = {isa = PBXBuildFile; fileRef = FCFEC9DC24BA228900795ADC /* AppDelegate.swift */; };
		FCFEC9DF24BA228900795ADC /* SceneDelegate.swift in Sources */ = {isa = PBXBuildFile; fileRef = FCFEC9DE24BA228900795ADC /* SceneDelegate.swift */; };
		FCFEC9E124BA228900795ADC /* ContentView.swift in Sources */ = {isa = PBXBuildFile; fileRef = FCFEC9E024BA228900795ADC /* ContentView.swift */; };
		FCFEC9E324BA228A00795ADC /* Assets.xcassets in Resources */ = {isa = PBXBuildFile; fileRef = FCFEC9E224BA228A00795ADC /* Assets.xcassets */; };
		FCFEC9E624BA228A00795ADC /* Preview Assets.xcassets in Resources */ = {isa = PBXBuildFile; fileRef = FCFEC9E524BA228A00795ADC /* Preview Assets.xcassets */; };
/* End PBXBuildFile section */

/* Begin PBXFileReference section */
		F40FC10B24BCBA9400E08094 /* MainViewController.swift */ = {isa = PBXFileReference; lastKnownFileType = sourcecode.swift; path = MainViewController.swift; sourceTree = "<group>"; };
		F40FC10D24BCBAE400E08094 /* PlayViewController.swift */ = {isa = PBXFileReference; lastKnownFileType = sourcecode.swift; path = PlayViewController.swift; sourceTree = "<group>"; };
		F40FC10F24BCBAFD00E08094 /* Main.storyboard */ = {isa = PBXFileReference; lastKnownFileType = file.storyboard; path = Main.storyboard; sourceTree = "<group>"; };
		F40FC11124BCCB5B00E08094 /* ScoresViewController.swift */ = {isa = PBXFileReference; lastKnownFileType = sourcecode.swift; path = ScoresViewController.swift; sourceTree = "<group>"; };
		F40FC11324BCCB6A00E08094 /* BestScoresViewController.swift */ = {isa = PBXFileReference; lastKnownFileType = sourcecode.swift; path = BestScoresViewController.swift; sourceTree = "<group>"; };
		F4C61EA124C1B878004AE840 /* NoteModel.swift */ = {isa = PBXFileReference; lastKnownFileType = sourcecode.swift; path = NoteModel.swift; sourceTree = "<group>"; };
		F4FB45EC24C1DBA30094AACB /* History.storyboard */ = {isa = PBXFileReference; lastKnownFileType = file.storyboard; path = History.storyboard; sourceTree = "<group>"; };
		FC35981324C0E3CF00210B92 /* VCSwiftUIView.swift */ = {isa = PBXFileReference; lastKnownFileType = sourcecode.swift; path = VCSwiftUIView.swift; sourceTree = "<group>"; };
		FCD7A96324C2FC9000EF2191 /* GameViewController.swift */ = {isa = PBXFileReference; lastKnownFileType = sourcecode.swift; path = GameViewController.swift; sourceTree = "<group>"; };
		FCD7A96524C3186800EF2191 /* ScoreModel.swift */ = {isa = PBXFileReference; lastKnownFileType = sourcecode.swift; path = ScoreModel.swift; sourceTree = "<group>"; };
		FCD7A96724C319BE00EF2191 /* ScoreCell.swift */ = {isa = PBXFileReference; lastKnownFileType = sourcecode.swift; path = ScoreCell.swift; sourceTree = "<group>"; };
		FCFEC9D924BA228900795ADC /* Mu6.app */ = {isa = PBXFileReference; explicitFileType = wrapper.application; includeInIndex = 0; path = Mu6.app; sourceTree = BUILT_PRODUCTS_DIR; };
		FCFEC9DC24BA228900795ADC /* AppDelegate.swift */ = {isa = PBXFileReference; lastKnownFileType = sourcecode.swift; path = AppDelegate.swift; sourceTree = "<group>"; };
		FCFEC9DE24BA228900795ADC /* SceneDelegate.swift */ = {isa = PBXFileReference; lastKnownFileType = sourcecode.swift; path = SceneDelegate.swift; sourceTree = "<group>"; };
		FCFEC9E024BA228900795ADC /* ContentView.swift */ = {isa = PBXFileReference; lastKnownFileType = sourcecode.swift; path = ContentView.swift; sourceTree = "<group>"; };
		FCFEC9E224BA228A00795ADC /* Assets.xcassets */ = {isa = PBXFileReference; lastKnownFileType = folder.assetcatalog; path = Assets.xcassets; sourceTree = "<group>"; };
		FCFEC9E524BA228A00795ADC /* Preview Assets.xcassets */ = {isa = PBXFileReference; lastKnownFileType = folder.assetcatalog; path = "Preview Assets.xcassets"; sourceTree = "<group>"; };
		FCFEC9EA24BA228A00795ADC /* Info.plist */ = {isa = PBXFileReference; lastKnownFileType = text.plist.xml; path = Info.plist; sourceTree = "<group>"; };
/* End PBXFileReference section */

/* Begin PBXFrameworksBuildPhase section */
		FCFEC9D624BA228900795ADC /* Frameworks */ = {
			isa = PBXFrameworksBuildPhase;
			buildActionMask = 2147483647;
			files = (
			);
			runOnlyForDeploymentPostprocessing = 0;
		};
/* End PBXFrameworksBuildPhase section */

/* Begin PBXGroup section */
		F4FB45EB24C1DB770094AACB /* Storyboards */ = {
			isa = PBXGroup;
			children = (
				F40FC10F24BCBAFD00E08094 /* Main.storyboard */,
				F4FB45EC24C1DBA30094AACB /* History.storyboard */,
			);
			path = Storyboards;
			sourceTree = "<group>";
		};
		F4FB45EE24C1E0830094AACB /* ViewControllers */ = {
			isa = PBXGroup;
			children = (
				F40FC11324BCCB6A00E08094 /* BestScoresViewController.swift */,
				F40FC11124BCCB5B00E08094 /* ScoresViewController.swift */,
				F40FC10D24BCBAE400E08094 /* PlayViewController.swift */,
				F40FC10B24BCBA9400E08094 /* MainViewController.swift */,
				FCD7A96324C2FC9000EF2191 /* GameViewController.swift */,
			);
			path = ViewControllers;
			sourceTree = "<group>";
		};
		F4FB45EF24C1E0D00094AACB /* Models */ = {
			isa = PBXGroup;
			children = (
				F4C61EA124C1B878004AE840 /* NoteModel.swift */,
				FCD7A96524C3186800EF2191 /* ScoreModel.swift */,
			);
			name = Models;
			path = "New Group";
			sourceTree = "<group>";
		};
		FCFEC9D024BA228900795ADC = {
			isa = PBXGroup;
			children = (
				FCFEC9DB24BA228900795ADC /* Mu6 */,
				FCFEC9DA24BA228900795ADC /* Products */,
			);
			sourceTree = "<group>";
		};
		FCFEC9DA24BA228900795ADC /* Products */ = {
			isa = PBXGroup;
			children = (
				FCFEC9D924BA228900795ADC /* Mu6.app */,
			);
			name = Products;
			sourceTree = "<group>";
		};
		FCFEC9DB24BA228900795ADC /* Mu6 */ = {
			isa = PBXGroup;
			children = (
				F4FB45EF24C1E0D00094AACB /* Models */,
				F4FB45EE24C1E0830094AACB /* ViewControllers */,
				F4FB45EB24C1DB770094AACB /* Storyboards */,
				FCFEC9DC24BA228900795ADC /* AppDelegate.swift */,
				FCD7A96724C319BE00EF2191 /* ScoreCell.swift */,
				FCFEC9DE24BA228900795ADC /* SceneDelegate.swift */,
				FCFEC9E024BA228900795ADC /* ContentView.swift */,
				FC35981324C0E3CF00210B92 /* VCSwiftUIView.swift */,
				FCFEC9E224BA228A00795ADC /* Assets.xcassets */,
				FCFEC9EA24BA228A00795ADC /* Info.plist */,
				FCFEC9E424BA228A00795ADC /* Preview Content */,
			);
			path = Mu6;
			sourceTree = "<group>";
		};
		FCFEC9E424BA228A00795ADC /* Preview Content */ = {
			isa = PBXGroup;
			children = (
				FCFEC9E524BA228A00795ADC /* Preview Assets.xcassets */,
			);
			path = "Preview Content";
			sourceTree = "<group>";
		};
/* End PBXGroup section */

/* Begin PBXNativeTarget section */
		FCFEC9D824BA228900795ADC /* Mu6 */ = {
			isa = PBXNativeTarget;
			buildConfigurationList = FCFEC9ED24BA228A00795ADC /* Build configuration list for PBXNativeTarget "Mu6" */;
			buildPhases = (
				FCFEC9D524BA228900795ADC /* Sources */,
				FCFEC9D624BA228900795ADC /* Frameworks */,
				FCFEC9D724BA228900795ADC /* Resources */,
			);
			buildRules = (
			);
			dependencies = (
			);
			name = Mu6;
			productName = Mu6;
			productReference = FCFEC9D924BA228900795ADC /* Mu6.app */;
			productType = "com.apple.product-type.application";
		};
/* End PBXNativeTarget section */

/* Begin PBXProject section */
		FCFEC9D124BA228900795ADC /* Project object */ = {
			isa = PBXProject;
			attributes = {
				LastSwiftUpdateCheck = 1150;
				LastUpgradeCheck = 1150;
				ORGANIZATIONNAME = am;
				TargetAttributes = {
					FCFEC9D824BA228900795ADC = {
						CreatedOnToolsVersion = 11.5;
					};
				};
			};
			buildConfigurationList = FCFEC9D424BA228900795ADC /* Build configuration list for PBXProject "Mu6" */;
			compatibilityVersion = "Xcode 9.3";
			developmentRegion = en;
			hasScannedForEncodings = 0;
			knownRegions = (
				en,
				Base,
			);
			mainGroup = FCFEC9D024BA228900795ADC;
			productRefGroup = FCFEC9DA24BA228900795ADC /* Products */;
			projectDirPath = "";
			projectRoot = "";
			targets = (
				FCFEC9D824BA228900795ADC /* Mu6 */,
			);
		};
/* End PBXProject section */

/* Begin PBXResourcesBuildPhase section */
		FCFEC9D724BA228900795ADC /* Resources */ = {
			isa = PBXResourcesBuildPhase;
			buildActionMask = 2147483647;
			files = (
				FCFEC9E624BA228A00795ADC /* Preview Assets.xcassets in Resources */,
				FCFEC9E324BA228A00795ADC /* Assets.xcassets in Resources */,
				F40FC11024BCBAFD00E08094 /* Main.storyboard in Resources */,
				F4FB45ED24C1DBA30094AACB /* History.storyboard in Resources */,
			);
			runOnlyForDeploymentPostprocessing = 0;
		};
/* End PBXResourcesBuildPhase section */

/* Begin PBXSourcesBuildPhase section */
		FCFEC9D524BA228900795ADC /* Sources */ = {
			isa = PBXSourcesBuildPhase;
			buildActionMask = 2147483647;
			files = (
				FCD7A96424C2FC9000EF2191 /* GameViewController.swift in Sources */,
				FCFEC9DD24BA228900795ADC /* AppDelegate.swift in Sources */,
				F4C61EA224C1B878004AE840 /* NoteModel.swift in Sources */,
				F40FC11224BCCB5B00E08094 /* ScoresViewController.swift in Sources */,
				F40FC11424BCCB6A00E08094 /* BestScoresViewController.swift in Sources */,
				F40FC10E24BCBAE400E08094 /* PlayViewController.swift in Sources */,
				FCD7A96824C319BE00EF2191 /* ScoreCell.swift in Sources */,
				FCFEC9DF24BA228900795ADC /* SceneDelegate.swift in Sources */,
				FC35981424C0E3CF00210B92 /* VCSwiftUIView.swift in Sources */,
				FCFEC9E124BA228900795ADC /* ContentView.swift in Sources */,
				FCD7A96624C3186800EF2191 /* ScoreModel.swift in Sources */,
				F40FC10C24BCBA9400E08094 /* MainViewController.swift in Sources */,
			);
			runOnlyForDeploymentPostprocessing = 0;
		};
/* End PBXSourcesBuildPhase section */

/* Begin XCBuildConfiguration section */
		FCFEC9EB24BA228A00795ADC /* Debug */ = {
			isa = XCBuildConfiguration;
			buildSettings = {
				ALWAYS_SEARCH_USER_PATHS = NO;
				CLANG_ANALYZER_NONNULL = YES;
				CLANG_ANALYZER_NUMBER_OBJECT_CONVERSION = YES_AGGRESSIVE;
				CLANG_CXX_LANGUAGE_STANDARD = "gnu++14";
				CLANG_CXX_LIBRARY = "libc++";
				CLANG_ENABLE_MODULES = YES;
				CLANG_ENABLE_OBJC_ARC = YES;
				CLANG_ENABLE_OBJC_WEAK = YES;
				CLANG_WARN_BLOCK_CAPTURE_AUTORELEASING = YES;
				CLANG_WARN_BOOL_CONVERSION = YES;
				CLANG_WARN_COMMA = YES;
				CLANG_WARN_CONSTANT_CONVERSION = YES;
				CLANG_WARN_DEPRECATED_OBJC_IMPLEMENTATIONS = YES;
				CLANG_WARN_DIRECT_OBJC_ISA_USAGE = YES_ERROR;
				CLANG_WARN_DOCUMENTATION_COMMENTS = YES;
				CLANG_WARN_EMPTY_BODY = YES;
				CLANG_WARN_ENUM_CONVERSION = YES;
				CLANG_WARN_INFINITE_RECURSION = YES;
				CLANG_WARN_INT_CONVERSION = YES;
				CLANG_WARN_NON_LITERAL_NULL_CONVERSION = YES;
				CLANG_WARN_OBJC_IMPLICIT_RETAIN_SELF = YES;
				CLANG_WARN_OBJC_LITERAL_CONVERSION = YES;
				CLANG_WARN_OBJC_ROOT_CLASS = YES_ERROR;
				CLANG_WARN_RANGE_LOOP_ANALYSIS = YES;
				CLANG_WARN_STRICT_PROTOTYPES = YES;
				CLANG_WARN_SUSPICIOUS_MOVE = YES;
				CLANG_WARN_UNGUARDED_AVAILABILITY = YES_AGGRESSIVE;
				CLANG_WARN_UNREACHABLE_CODE = YES;
				CLANG_WARN__DUPLICATE_METHOD_MATCH = YES;
				COPY_PHASE_STRIP = NO;
				DEBUG_INFORMATION_FORMAT = dwarf;
				ENABLE_STRICT_OBJC_MSGSEND = YES;
				ENABLE_TESTABILITY = YES;
				GCC_C_LANGUAGE_STANDARD = gnu11;
				GCC_DYNAMIC_NO_PIC = NO;
				GCC_NO_COMMON_BLOCKS = YES;
				GCC_OPTIMIZATION_LEVEL = 0;
				GCC_PREPROCESSOR_DEFINITIONS = (
					"DEBUG=1",
					"$(inherited)",
				);
				GCC_WARN_64_TO_32_BIT_CONVERSION = YES;
				GCC_WARN_ABOUT_RETURN_TYPE = YES_ERROR;
				GCC_WARN_UNDECLARED_SELECTOR = YES;
				GCC_WARN_UNINITIALIZED_AUTOS = YES_AGGRESSIVE;
				GCC_WARN_UNUSED_FUNCTION = YES;
				GCC_WARN_UNUSED_VARIABLE = YES;
				IPHONEOS_DEPLOYMENT_TARGET = 13.5;
				MTL_ENABLE_DEBUG_INFO = INCLUDE_SOURCE;
				MTL_FAST_MATH = YES;
				ONLY_ACTIVE_ARCH = YES;
				SDKROOT = iphoneos;
				SWIFT_ACTIVE_COMPILATION_CONDITIONS = DEBUG;
				SWIFT_OPTIMIZATION_LEVEL = "-Onone";
			};
			name = Debug;
		};
		FCFEC9EC24BA228A00795ADC /* Release */ = {
			isa = XCBuildConfiguration;
			buildSettings = {
				ALWAYS_SEARCH_USER_PATHS = NO;
				CLANG_ANALYZER_NONNULL = YES;
				CLANG_ANALYZER_NUMBER_OBJECT_CONVERSION = YES_AGGRESSIVE;
				CLANG_CXX_LANGUAGE_STANDARD = "gnu++14";
				CLANG_CXX_LIBRARY = "libc++";
				CLANG_ENABLE_MODULES = YES;
				CLANG_ENABLE_OBJC_ARC = YES;
				CLANG_ENABLE_OBJC_WEAK = YES;
				CLANG_WARN_BLOCK_CAPTURE_AUTORELEASING = YES;
				CLANG_WARN_BOOL_CONVERSION = YES;
				CLANG_WARN_COMMA = YES;
				CLANG_WARN_CONSTANT_CONVERSION = YES;
				CLANG_WARN_DEPRECATED_OBJC_IMPLEMENTATIONS = YES;
				CLANG_WARN_DIRECT_OBJC_ISA_USAGE = YES_ERROR;
				CLANG_WARN_DOCUMENTATION_COMMENTS = YES;
				CLANG_WARN_EMPTY_BODY = YES;
				CLANG_WARN_ENUM_CONVERSION = YES;
				CLANG_WARN_INFINITE_RECURSION = YES;
				CLANG_WARN_INT_CONVERSION = YES;
				CLANG_WARN_NON_LITERAL_NULL_CONVERSION = YES;
				CLANG_WARN_OBJC_IMPLICIT_RETAIN_SELF = YES;
				CLANG_WARN_OBJC_LITERAL_CONVERSION = YES;
				CLANG_WARN_OBJC_ROOT_CLASS = YES_ERROR;
				CLANG_WARN_RANGE_LOOP_ANALYSIS = YES;
				CLANG_WARN_STRICT_PROTOTYPES = YES;
				CLANG_WARN_SUSPICIOUS_MOVE = YES;
				CLANG_WARN_UNGUARDED_AVAILABILITY = YES_AGGRESSIVE;
				CLANG_WARN_UNREACHABLE_CODE = YES;
				CLANG_WARN__DUPLICATE_METHOD_MATCH = YES;
				COPY_PHASE_STRIP = NO;
				DEBUG_INFORMATION_FORMAT = "dwarf-with-dsym";
				ENABLE_NS_ASSERTIONS = NO;
				ENABLE_STRICT_OBJC_MSGSEND = YES;
				GCC_C_LANGUAGE_STANDARD = gnu11;
				GCC_NO_COMMON_BLOCKS = YES;
				GCC_WARN_64_TO_32_BIT_CONVERSION = YES;
				GCC_WARN_ABOUT_RETURN_TYPE = YES_ERROR;
				GCC_WARN_UNDECLARED_SELECTOR = YES;
				GCC_WARN_UNINITIALIZED_AUTOS = YES_AGGRESSIVE;
				GCC_WARN_UNUSED_FUNCTION = YES;
				GCC_WARN_UNUSED_VARIABLE = YES;
				IPHONEOS_DEPLOYMENT_TARGET = 13.5;
				MTL_ENABLE_DEBUG_INFO = NO;
				MTL_FAST_MATH = YES;
				SDKROOT = iphoneos;
				SWIFT_COMPILATION_MODE = wholemodule;
				SWIFT_OPTIMIZATION_LEVEL = "-O";
				VALIDATE_PRODUCT = YES;
			};
			name = Release;
		};
		FCFEC9EE24BA228A00795ADC /* Debug */ = {
			isa = XCBuildConfiguration;
			buildSettings = {
				ASSETCATALOG_COMPILER_APPICON_NAME = AppIcon;
				CODE_SIGN_STYLE = Automatic;
				DEVELOPMENT_ASSET_PATHS = "\"Mu6/Preview Content\"";
				ENABLE_PREVIEWS = YES;
				INFOPLIST_FILE = Mu6/Info.plist;
				LD_RUNPATH_SEARCH_PATHS = (
					"$(inherited)",
					"@executable_path/Frameworks",
				);
				PRODUCT_BUNDLE_IDENTIFIER = am.Mu6;
				PRODUCT_NAME = "$(TARGET_NAME)";
				SWIFT_VERSION = 5.0;
				TARGETED_DEVICE_FAMILY = "1,2";
			};
			name = Debug;
		};
		FCFEC9EF24BA228A00795ADC /* Release */ = {
			isa = XCBuildConfiguration;
			buildSettings = {
				ASSETCATALOG_COMPILER_APPICON_NAME = AppIcon;
				CODE_SIGN_STYLE = Automatic;
				DEVELOPMENT_ASSET_PATHS = "\"Mu6/Preview Content\"";
				ENABLE_PREVIEWS = YES;
				INFOPLIST_FILE = Mu6/Info.plist;
				LD_RUNPATH_SEARCH_PATHS = (
					"$(inherited)",
					"@executable_path/Frameworks",
				);
				PRODUCT_BUNDLE_IDENTIFIER = am.Mu6;
				PRODUCT_NAME = "$(TARGET_NAME)";
				SWIFT_VERSION = 5.0;
				TARGETED_DEVICE_FAMILY = "1,2";
			};
			name = Release;
		};
/* End XCBuildConfiguration section */

/* Begin XCConfigurationList section */
		FCFEC9D424BA228900795ADC /* Build configuration list for PBXProject "Mu6" */ = {
			isa = XCConfigurationList;
			buildConfigurations = (
				FCFEC9EB24BA228A00795ADC /* Debug */,
				FCFEC9EC24BA228A00795ADC /* Release */,
			);
			defaultConfigurationIsVisible = 0;
			defaultConfigurationName = Release;
		};
		FCFEC9ED24BA228A00795ADC /* Build configuration list for PBXNativeTarget "Mu6" */ = {
			isa = XCConfigurationList;
			buildConfigurations = (
				FCFEC9EE24BA228A00795ADC /* Debug */,
				FCFEC9EF24BA228A00795ADC /* Release */,
			);
			defaultConfigurationIsVisible = 0;
			defaultConfigurationName = Release;
		};
/* End XCConfigurationList section */
	};
	rootObject = FCFEC9D124BA228900795ADC /* Project object */;
}
